// !$*UTF8*$!
{
	archiveVersion = 1;
	classes = {
	};
	objectVersion = 46;
	objects = {

/* Begin PBXBuildFile section */
		A3B18AA11F33304800C0E3BC /* ProtocolBuffers.framework in Frameworks */ = {isa = PBXBuildFile; fileRef = A3B18A9C1F33302300C0E3BC /* ProtocolBuffers.framework */; };
		A3B18AA41F33374200C0E3BC /* IMMessage.proto in Resources */ = {isa = PBXBuildFile; fileRef = A3B18AA21F33374200C0E3BC /* IMMessage.proto */; };
		A3B18AA51F33374200C0E3BC /* Immessage.proto.swift in Sources */ = {isa = PBXBuildFile; fileRef = A3B18AA31F33374200C0E3BC /* Immessage.proto.swift */; };
		A3D7F0061F319EB6005B0FC2 /* AppDelegate.swift in Sources */ = {isa = PBXBuildFile; fileRef = A3D7F0051F319EB6005B0FC2 /* AppDelegate.swift */; };
		A3D7F0081F319EB6005B0FC2 /* ViewController.swift in Sources */ = {isa = PBXBuildFile; fileRef = A3D7F0071F319EB6005B0FC2 /* ViewController.swift */; };
		A3D7F00A1F319EB6005B0FC2 /* Assets.xcassets in Resources */ = {isa = PBXBuildFile; fileRef = A3D7F0091F319EB6005B0FC2 /* Assets.xcassets */; };
		A3D7F00D1F319EB6005B0FC2 /* Main.storyboard in Resources */ = {isa = PBXBuildFile; fileRef = A3D7F00B1F319EB6005B0FC2 /* Main.storyboard */; };
		A3D7F0181F319EB6005B0FC2 /* ServerTests.swift in Sources */ = {isa = PBXBuildFile; fileRef = A3D7F0171F319EB6005B0FC2 /* ServerTests.swift */; };
		A3D7F0231F319EB6005B0FC2 /* ServerUITests.swift in Sources */ = {isa = PBXBuildFile; fileRef = A3D7F0221F319EB6005B0FC2 /* ServerUITests.swift */; };
		A3D7F0381F31A191005B0FC2 /* ysocket.swift in Sources */ = {isa = PBXBuildFile; fileRef = A3D7F0331F31A191005B0FC2 /* ysocket.swift */; };
		A3D7F0391F31A191005B0FC2 /* ytcpsocket.c in Sources */ = {isa = PBXBuildFile; fileRef = A3D7F0341F31A191005B0FC2 /* ytcpsocket.c */; };
		A3D7F03A1F31A191005B0FC2 /* ytcpsocket.swift in Sources */ = {isa = PBXBuildFile; fileRef = A3D7F0351F31A191005B0FC2 /* ytcpsocket.swift */; };
		A3D7F03B1F31A191005B0FC2 /* yudpsocket.c in Sources */ = {isa = PBXBuildFile; fileRef = A3D7F0361F31A191005B0FC2 /* yudpsocket.c */; };
		A3D7F03C1F31A191005B0FC2 /* yudpsocket.swift in Sources */ = {isa = PBXBuildFile; fileRef = A3D7F0371F31A191005B0FC2 /* yudpsocket.swift */; };
		A3D7F03E1F31A221005B0FC2 /* ServerManager.swift in Sources */ = {isa = PBXBuildFile; fileRef = A3D7F03D1F31A221005B0FC2 /* ServerManager.swift */; };
		A3D7F1031F31AEB4005B0FC2 /* ClientManager.swift in Sources */ = {isa = PBXBuildFile; fileRef = A3D7F1021F31AEB4005B0FC2 /* ClientManager.swift */; };
/* End PBXBuildFile section */

/* Begin PBXContainerItemProxy section */
		A3B18A971F33302300C0E3BC /* PBXContainerItemProxy */ = {
			isa = PBXContainerItemProxy;
			containerPortal = A3B18A8F1F33302300C0E3BC /* ProtocolBuffers.xcodeproj */;
			proxyType = 2;
			remoteGlobalIDString = 3F85569919C71BCF003802F2;
			remoteInfo = ProtocolBuffers;
		};
		A3B18A991F33302300C0E3BC /* PBXContainerItemProxy */ = {
			isa = PBXContainerItemProxy;
			containerPortal = A3B18A8F1F33302300C0E3BC /* ProtocolBuffers.xcodeproj */;
			proxyType = 2;
			remoteGlobalIDString = 3F8556A419C71BCF003802F2;
			remoteInfo = UnitTesting;
		};
		A3B18A9B1F33302300C0E3BC /* PBXContainerItemProxy */ = {
			isa = PBXContainerItemProxy;
			containerPortal = A3B18A8F1F33302300C0E3BC /* ProtocolBuffers.xcodeproj */;
			proxyType = 2;
			remoteGlobalIDString = 3F41061C1A1A667700742090;
			remoteInfo = "ProtocolBuffers(OSX)";
		};
		A3B18A9D1F33302300C0E3BC /* PBXContainerItemProxy */ = {
			isa = PBXContainerItemProxy;
			containerPortal = A3B18A8F1F33302300C0E3BC /* ProtocolBuffers.xcodeproj */;
			proxyType = 2;
			remoteGlobalIDString = 3F4106261A1A667800742090;
			remoteInfo = "UnitTesting(OSX)";
		};
		A3B18A9F1F33302300C0E3BC /* PBXContainerItemProxy */ = {
			isa = PBXContainerItemProxy;
			containerPortal = A3B18A8F1F33302300C0E3BC /* ProtocolBuffers.xcodeproj */;
			proxyType = 2;
			remoteGlobalIDString = 3F31A1A91BA199C000F477C1;
			remoteInfo = "ProtocolBuffers(watchOS)";
		};
		A3D7F0141F319EB6005B0FC2 /* PBXContainerItemProxy */ = {
			isa = PBXContainerItemProxy;
			containerPortal = A3D7EFFA1F319EB6005B0FC2 /* Project object */;
			proxyType = 1;
			remoteGlobalIDString = A3D7F0011F319EB6005B0FC2;
			remoteInfo = Server;
		};
		A3D7F01F1F319EB6005B0FC2 /* PBXContainerItemProxy */ = {
			isa = PBXContainerItemProxy;
			containerPortal = A3D7EFFA1F319EB6005B0FC2 /* Project object */;
			proxyType = 1;
			remoteGlobalIDString = A3D7F0011F319EB6005B0FC2;
			remoteInfo = Server;
		};
/* End PBXContainerItemProxy section */

/* Begin PBXFileReference section */
		A3B18A8F1F33302300C0E3BC /* ProtocolBuffers.xcodeproj */ = {isa = PBXFileReference; lastKnownFileType = "wrapper.pb-project"; name = ProtocolBuffers.xcodeproj; path = "../../../../Mrhuang/Desktop/protobuf-swift-master/plugin/ProtocolBuffers/ProtocolBuffers.xcodeproj"; sourceTree = "<group>"; };
		A3B18AA21F33374200C0E3BC /* IMMessage.proto */ = {isa = PBXFileReference; fileEncoding = 4; lastKnownFileType = text; name = IMMessage.proto; path = ../../../../Mrhuang/Desktop/Server/Server/IMMessage.proto; sourceTree = "<group>"; };
		A3B18AA31F33374200C0E3BC /* Immessage.proto.swift */ = {isa = PBXFileReference; fileEncoding = 4; lastKnownFileType = sourcecode.swift; name = Immessage.proto.swift; path = ../../../../Mrhuang/Desktop/Server/Server/Immessage.proto.swift; sourceTree = "<group>"; };
		A3D7F0021F319EB6005B0FC2 /* Server.app */ = {isa = PBXFileReference; explicitFileType = wrapper.application; includeInIndex = 0; path = Server.app; sourceTree = BUILT_PRODUCTS_DIR; };
		A3D7F0051F319EB6005B0FC2 /* AppDelegate.swift */ = {isa = PBXFileReference; lastKnownFileType = sourcecode.swift; path = AppDelegate.swift; sourceTree = "<group>"; };
		A3D7F0071F319EB6005B0FC2 /* ViewController.swift */ = {isa = PBXFileReference; lastKnownFileType = sourcecode.swift; path = ViewController.swift; sourceTree = "<group>"; };
		A3D7F0091F319EB6005B0FC2 /* Assets.xcassets */ = {isa = PBXFileReference; lastKnownFileType = folder.assetcatalog; path = Assets.xcassets; sourceTree = "<group>"; };
		A3D7F00C1F319EB6005B0FC2 /* Base */ = {isa = PBXFileReference; lastKnownFileType = file.storyboard; name = Base; path = Base.lproj/Main.storyboard; sourceTree = "<group>"; };
		A3D7F00E1F319EB6005B0FC2 /* Info.plist */ = {isa = PBXFileReference; lastKnownFileType = text.plist.xml; path = Info.plist; sourceTree = "<group>"; };
		A3D7F0131F319EB6005B0FC2 /* ServerTests.xctest */ = {isa = PBXFileReference; explicitFileType = wrapper.cfbundle; includeInIndex = 0; path = ServerTests.xctest; sourceTree = BUILT_PRODUCTS_DIR; };
		A3D7F0171F319EB6005B0FC2 /* ServerTests.swift */ = {isa = PBXFileReference; lastKnownFileType = sourcecode.swift; path = ServerTests.swift; sourceTree = "<group>"; };
		A3D7F0191F319EB6005B0FC2 /* Info.plist */ = {isa = PBXFileReference; lastKnownFileType = text.plist.xml; path = Info.plist; sourceTree = "<group>"; };
		A3D7F01E1F319EB6005B0FC2 /* ServerUITests.xctest */ = {isa = PBXFileReference; explicitFileType = wrapper.cfbundle; includeInIndex = 0; path = ServerUITests.xctest; sourceTree = BUILT_PRODUCTS_DIR; };
		A3D7F0221F319EB6005B0FC2 /* ServerUITests.swift */ = {isa = PBXFileReference; lastKnownFileType = sourcecode.swift; path = ServerUITests.swift; sourceTree = "<group>"; };
		A3D7F0241F319EB6005B0FC2 /* Info.plist */ = {isa = PBXFileReference; lastKnownFileType = text.plist.xml; path = Info.plist; sourceTree = "<group>"; };
		A3D7F0331F31A191005B0FC2 /* ysocket.swift */ = {isa = PBXFileReference; fileEncoding = 4; lastKnownFileType = sourcecode.swift; path = ysocket.swift; sourceTree = "<group>"; };
		A3D7F0341F31A191005B0FC2 /* ytcpsocket.c */ = {isa = PBXFileReference; fileEncoding = 4; lastKnownFileType = sourcecode.c.c; path = ytcpsocket.c; sourceTree = "<group>"; };
		A3D7F0351F31A191005B0FC2 /* ytcpsocket.swift */ = {isa = PBXFileReference; fileEncoding = 4; lastKnownFileType = sourcecode.swift; path = ytcpsocket.swift; sourceTree = "<group>"; };
		A3D7F0361F31A191005B0FC2 /* yudpsocket.c */ = {isa = PBXFileReference; fileEncoding = 4; lastKnownFileType = sourcecode.c.c; path = yudpsocket.c; sourceTree = "<group>"; };
		A3D7F0371F31A191005B0FC2 /* yudpsocket.swift */ = {isa = PBXFileReference; fileEncoding = 4; lastKnownFileType = sourcecode.swift; path = yudpsocket.swift; sourceTree = "<group>"; };
		A3D7F03D1F31A221005B0FC2 /* ServerManager.swift */ = {isa = PBXFileReference; fileEncoding = 4; lastKnownFileType = sourcecode.swift; path = ServerManager.swift; sourceTree = "<group>"; };
		A3D7F1021F31AEB4005B0FC2 /* ClientManager.swift */ = {isa = PBXFileReference; fileEncoding = 4; lastKnownFileType = sourcecode.swift; path = ClientManager.swift; sourceTree = "<group>"; };
/* End PBXFileReference section */

/* Begin PBXFrameworksBuildPhase section */
		A3D7EFFF1F319EB6005B0FC2 /* Frameworks */ = {
			isa = PBXFrameworksBuildPhase;
			buildActionMask = 2147483647;
			files = (
				A3B18AA11F33304800C0E3BC /* ProtocolBuffers.framework in Frameworks */,
			);
			runOnlyForDeploymentPostprocessing = 0;
		};
		A3D7F0101F319EB6005B0FC2 /* Frameworks */ = {
			isa = PBXFrameworksBuildPhase;
			buildActionMask = 2147483647;
			files = (
			);
			runOnlyForDeploymentPostprocessing = 0;
		};
		A3D7F01B1F319EB6005B0FC2 /* Frameworks */ = {
			isa = PBXFrameworksBuildPhase;
			buildActionMask = 2147483647;
			files = (
			);
			runOnlyForDeploymentPostprocessing = 0;
		};
/* End PBXFrameworksBuildPhase section */

/* Begin PBXGroup section */
		A3B18A901F33302300C0E3BC /* Products */ = {
			isa = PBXGroup;
			children = (
				A3B18A981F33302300C0E3BC /* ProtocolBuffers.framework */,
				A3B18A9A1F33302300C0E3BC /* ProtocolBuffersTests.xctest */,
				A3B18A9C1F33302300C0E3BC /* ProtocolBuffers.framework */,
				A3B18A9E1F33302300C0E3BC /* UnitTesting(OSX).xctest */,
				A3B18AA01F33302300C0E3BC /* ProtocolBuffers.framework */,
			);
			name = Products;
			sourceTree = "<group>";
		};
		A3D7EFF91F319EB6005B0FC2 = {
			isa = PBXGroup;
			children = (
				A3D7F0041F319EB6005B0FC2 /* Server */,
				A3D7F0161F319EB6005B0FC2 /* ServerTests */,
				A3D7F0211F319EB6005B0FC2 /* ServerUITests */,
				A3D7F0031F319EB6005B0FC2 /* Products */,
			);
			sourceTree = "<group>";
		};
		A3D7F0031F319EB6005B0FC2 /* Products */ = {
			isa = PBXGroup;
			children = (
				A3D7F0021F319EB6005B0FC2 /* Server.app */,
				A3D7F0131F319EB6005B0FC2 /* ServerTests.xctest */,
				A3D7F01E1F319EB6005B0FC2 /* ServerUITests.xctest */,
			);
			name = Products;
			sourceTree = "<group>";
		};
		A3D7F0041F319EB6005B0FC2 /* Server */ = {
			isa = PBXGroup;
			children = (
				A3D7F0311F31A191005B0FC2 /* server */,
				A3D7F0051F319EB6005B0FC2 /* AppDelegate.swift */,
				A3D7F0071F319EB6005B0FC2 /* ViewController.swift */,
				A3B18AA21F33374200C0E3BC /* IMMessage.proto */,
				A3B18AA31F33374200C0E3BC /* Immessage.proto.swift */,
				A3B18A8F1F33302300C0E3BC /* ProtocolBuffers.xcodeproj */,
				A3D7F0091F319EB6005B0FC2 /* Assets.xcassets */,
				A3D7F00B1F319EB6005B0FC2 /* Main.storyboard */,
				A3D7F00E1F319EB6005B0FC2 /* Info.plist */,
			);
			path = Server;
			sourceTree = "<group>";
		};
		A3D7F0161F319EB6005B0FC2 /* ServerTests */ = {
			isa = PBXGroup;
			children = (
				A3D7F0171F319EB6005B0FC2 /* ServerTests.swift */,
				A3D7F0191F319EB6005B0FC2 /* Info.plist */,
			);
			path = ServerTests;
			sourceTree = "<group>";
		};
		A3D7F0211F319EB6005B0FC2 /* ServerUITests */ = {
			isa = PBXGroup;
			children = (
				A3D7F0221F319EB6005B0FC2 /* ServerUITests.swift */,
				A3D7F0241F319EB6005B0FC2 /* Info.plist */,
			);
			path = ServerUITests;
			sourceTree = "<group>";
		};
		A3D7F0311F31A191005B0FC2 /* server */ = {
			isa = PBXGroup;
			children = (
				A3D7F0321F31A191005B0FC2 /* ysocket */,
				A3D7F03D1F31A221005B0FC2 /* ServerManager.swift */,
				A3D7F1021F31AEB4005B0FC2 /* ClientManager.swift */,
			);
			path = server;
			sourceTree = "<group>";
		};
		A3D7F0321F31A191005B0FC2 /* ysocket */ = {
			isa = PBXGroup;
			children = (
				A3D7F0331F31A191005B0FC2 /* ysocket.swift */,
				A3D7F0341F31A191005B0FC2 /* ytcpsocket.c */,
				A3D7F0351F31A191005B0FC2 /* ytcpsocket.swift */,
				A3D7F0361F31A191005B0FC2 /* yudpsocket.c */,
				A3D7F0371F31A191005B0FC2 /* yudpsocket.swift */,
			);
			path = ysocket;
			sourceTree = "<group>";
		};
/* End PBXGroup section */

/* Begin PBXNativeTarget section */
		A3D7F0011F319EB6005B0FC2 /* Server */ = {
			isa = PBXNativeTarget;
			buildConfigurationList = A3D7F0271F319EB6005B0FC2 /* Build configuration list for PBXNativeTarget "Server" */;
			buildPhases = (
				A3D7EFFE1F319EB6005B0FC2 /* Sources */,
				A3D7EFFF1F319EB6005B0FC2 /* Frameworks */,
				A3D7F0001F319EB6005B0FC2 /* Resources */,
			);
			buildRules = (
			);
			dependencies = (
			);
			name = Server;
			productName = Server;
			productReference = A3D7F0021F319EB6005B0FC2 /* Server.app */;
			productType = "com.apple.product-type.application";
		};
		A3D7F0121F319EB6005B0FC2 /* ServerTests */ = {
			isa = PBXNativeTarget;
			buildConfigurationList = A3D7F02A1F319EB6005B0FC2 /* Build configuration list for PBXNativeTarget "ServerTests" */;
			buildPhases = (
				A3D7F00F1F319EB6005B0FC2 /* Sources */,
				A3D7F0101F319EB6005B0FC2 /* Frameworks */,
				A3D7F0111F319EB6005B0FC2 /* Resources */,
			);
			buildRules = (
			);
			dependencies = (
				A3D7F0151F319EB6005B0FC2 /* PBXTargetDependency */,
			);
			name = ServerTests;
			productName = ServerTests;
			productReference = A3D7F0131F319EB6005B0FC2 /* ServerTests.xctest */;
			productType = "com.apple.product-type.bundle.unit-test";
		};
		A3D7F01D1F319EB6005B0FC2 /* ServerUITests */ = {
			isa = PBXNativeTarget;
			buildConfigurationList = A3D7F02D1F319EB6005B0FC2 /* Build configuration list for PBXNativeTarget "ServerUITests" */;
			buildPhases = (
				A3D7F01A1F319EB6005B0FC2 /* Sources */,
				A3D7F01B1F319EB6005B0FC2 /* Frameworks */,
				A3D7F01C1F319EB6005B0FC2 /* Resources */,
			);
			buildRules = (
			);
			dependencies = (
				A3D7F0201F319EB6005B0FC2 /* PBXTargetDependency */,
			);
			name = ServerUITests;
			productName = ServerUITests;
			productReference = A3D7F01E1F319EB6005B0FC2 /* ServerUITests.xctest */;
			productType = "com.apple.product-type.bundle.ui-testing";
		};
/* End PBXNativeTarget section */

/* Begin PBXProject section */
		A3D7EFFA1F319EB6005B0FC2 /* Project object */ = {
			isa = PBXProject;
			attributes = {
				LastSwiftUpdateCheck = 0820;
				LastUpgradeCheck = 0820;
				ORGANIZATIONNAME = Mrhuang;
				TargetAttributes = {
					A3D7F0011F319EB6005B0FC2 = {
						CreatedOnToolsVersion = 8.2;
						ProvisioningStyle = Automatic;
					};
					A3D7F0121F319EB6005B0FC2 = {
						CreatedOnToolsVersion = 8.2;
						ProvisioningStyle = Automatic;
						TestTargetID = A3D7F0011F319EB6005B0FC2;
					};
					A3D7F01D1F319EB6005B0FC2 = {
						CreatedOnToolsVersion = 8.2;
						ProvisioningStyle = Automatic;
						TestTargetID = A3D7F0011F319EB6005B0FC2;
					};
				};
			};
			buildConfigurationList = A3D7EFFD1F319EB6005B0FC2 /* Build configuration list for PBXProject "Server" */;
			compatibilityVersion = "Xcode 3.2";
			developmentRegion = English;
			hasScannedForEncodings = 0;
			knownRegions = (
				en,
				Base,
			);
			mainGroup = A3D7EFF91F319EB6005B0FC2;
			productRefGroup = A3D7F0031F319EB6005B0FC2 /* Products */;
			projectDirPath = "";
			projectReferences = (
				{
					ProductGroup = A3B18A901F33302300C0E3BC /* Products */;
					ProjectRef = A3B18A8F1F33302300C0E3BC /* ProtocolBuffers.xcodeproj */;
				},
			);
			projectRoot = "";
			targets = (
				A3D7F0011F319EB6005B0FC2 /* Server */,
				A3D7F0121F319EB6005B0FC2 /* ServerTests */,
				A3D7F01D1F319EB6005B0FC2 /* ServerUITests */,
			);
		};
/* End PBXProject section */

/* Begin PBXReferenceProxy section */
		A3B18A981F33302300C0E3BC /* ProtocolBuffers.framework */ = {
			isa = PBXReferenceProxy;
			fileType = wrapper.framework;
			path = ProtocolBuffers.framework;
			remoteRef = A3B18A971F33302300C0E3BC /* PBXContainerItemProxy */;
			sourceTree = BUILT_PRODUCTS_DIR;
		};
		A3B18A9A1F33302300C0E3BC /* ProtocolBuffersTests.xctest */ = {
			isa = PBXReferenceProxy;
			fileType = wrapper.cfbundle;
			path = ProtocolBuffersTests.xctest;
			remoteRef = A3B18A991F33302300C0E3BC /* PBXContainerItemProxy */;
			sourceTree = BUILT_PRODUCTS_DIR;
		};
		A3B18A9C1F33302300C0E3BC /* ProtocolBuffers.framework */ = {
			isa = PBXReferenceProxy;
			fileType = wrapper.framework;
			path = ProtocolBuffers.framework;
			remoteRef = A3B18A9B1F33302300C0E3BC /* PBXContainerItemProxy */;
			sourceTree = BUILT_PRODUCTS_DIR;
		};
		A3B18A9E1F33302300C0E3BC /* UnitTesting(OSX).xctest */ = {
			isa = PBXReferenceProxy;
			fileType = wrapper.cfbundle;
			path = "UnitTesting(OSX).xctest";
			remoteRef = A3B18A9D1F33302300C0E3BC /* PBXContainerItemProxy */;
			sourceTree = BUILT_PRODUCTS_DIR;
		};
		A3B18AA01F33302300C0E3BC /* ProtocolBuffers.framework */ = {
			isa = PBXReferenceProxy;
			fileType = wrapper.framework;
			path = ProtocolBuffers.framework;
			remoteRef = A3B18A9F1F33302300C0E3BC /* PBXContainerItemProxy */;
			sourceTree = BUILT_PRODUCTS_DIR;
		};
/* End PBXReferenceProxy section */

/* Begin PBXResourcesBuildPhase section */
		A3D7F0001F319EB6005B0FC2 /* Resources */ = {
			isa = PBXResourcesBuildPhase;
			buildActionMask = 2147483647;
			files = (
				A3B18AA41F33374200C0E3BC /* IMMessage.proto in Resources */,
				A3D7F00A1F319EB6005B0FC2 /* Assets.xcassets in Resources */,
				A3D7F00D1F319EB6005B0FC2 /* Main.storyboard in Resources */,
			);
			runOnlyForDeploymentPostprocessing = 0;
		};
		A3D7F0111F319EB6005B0FC2 /* Resources */ = {
			isa = PBXResourcesBuildPhase;
			buildActionMask = 2147483647;
			files = (
			);
			runOnlyForDeploymentPostprocessing = 0;
		};
		A3D7F01C1F319EB6005B0FC2 /* Resources */ = {
			isa = PBXResourcesBuildPhase;
			buildActionMask = 2147483647;
			files = (
			);
			runOnlyForDeploymentPostprocessing = 0;
		};
/* End PBXResourcesBuildPhase section */

/* Begin PBXSourcesBuildPhase section */
		A3D7EFFE1F319EB6005B0FC2 /* Sources */ = {
			isa = PBXSourcesBuildPhase;
			buildActionMask = 2147483647;
			files = (
				A3D7F03E1F31A221005B0FC2 /* ServerManager.swift in Sources */,
				A3B18AA51F33374200C0E3BC /* Immessage.proto.swift in Sources */,
				A3D7F0381F31A191005B0FC2 /* ysocket.swift in Sources */,
				A3D7F0081F319EB6005B0FC2 /* ViewController.swift in Sources */,
				A3D7F03B1F31A191005B0FC2 /* yudpsocket.c in Sources */,
				A3D7F0391F31A191005B0FC2 /* ytcpsocket.c in Sources */,
				A3D7F0061F319EB6005B0FC2 /* AppDelegate.swift in Sources */,
				A3D7F03A1F31A191005B0FC2 /* ytcpsocket.swift in Sources */,
				A3D7F03C1F31A191005B0FC2 /* yudpsocket.swift in Sources */,
				A3D7F1031F31AEB4005B0FC2 /* ClientManager.swift in Sources */,
			);
			runOnlyForDeploymentPostprocessing = 0;
		};
		A3D7F00F1F319EB6005B0FC2 /* Sources */ = {
			isa = PBXSourcesBuildPhase;
			buildActionMask = 2147483647;
			files = (
				A3D7F0181F319EB6005B0FC2 /* ServerTests.swift in Sources */,
			);
			runOnlyForDeploymentPostprocessing = 0;
		};
		A3D7F01A1F319EB6005B0FC2 /* Sources */ = {
			isa = PBXSourcesBuildPhase;
			buildActionMask = 2147483647;
			files = (
				A3D7F0231F319EB6005B0FC2 /* ServerUITests.swift in Sources */,
			);
			runOnlyForDeploymentPostprocessing = 0;
		};
/* End PBXSourcesBuildPhase section */

/* Begin PBXTargetDependency section */
		A3D7F0151F319EB6005B0FC2 /* PBXTargetDependency */ = {
			isa = PBXTargetDependency;
			target = A3D7F0011F319EB6005B0FC2 /* Server */;
			targetProxy = A3D7F0141F319EB6005B0FC2 /* PBXContainerItemProxy */;
		};
		A3D7F0201F319EB6005B0FC2 /* PBXTargetDependency */ = {
			isa = PBXTargetDependency;
			target = A3D7F0011F319EB6005B0FC2 /* Server */;
			targetProxy = A3D7F01F1F319EB6005B0FC2 /* PBXContainerItemProxy */;
		};
/* End PBXTargetDependency section */

/* Begin PBXVariantGroup section */
		A3D7F00B1F319EB6005B0FC2 /* Main.storyboard */ = {
			isa = PBXVariantGroup;
			children = (
				A3D7F00C1F319EB6005B0FC2 /* Base */,
			);
			name = Main.storyboard;
			sourceTree = "<group>";
		};
/* End PBXVariantGroup section */

/* Begin XCBuildConfiguration section */
		A3D7F0251F319EB6005B0FC2 /* Debug */ = {
			isa = XCBuildConfiguration;
			buildSettings = {
				ALWAYS_SEARCH_USER_PATHS = NO;
				CLANG_ANALYZER_NONNULL = YES;
				CLANG_CXX_LANGUAGE_STANDARD = "gnu++0x";
				CLANG_CXX_LIBRARY = "libc++";
				CLANG_ENABLE_MODULES = YES;
				CLANG_ENABLE_OBJC_ARC = YES;
				CLANG_WARN_BOOL_CONVERSION = YES;
				CLANG_WARN_CONSTANT_CONVERSION = YES;
				CLANG_WARN_DIRECT_OBJC_ISA_USAGE = YES_ERROR;
				CLANG_WARN_DOCUMENTATION_COMMENTS = YES;
				CLANG_WARN_EMPTY_BODY = YES;
				CLANG_WARN_ENUM_CONVERSION = YES;
				CLANG_WARN_INFINITE_RECURSION = YES;
				CLANG_WARN_INT_CONVERSION = YES;
				CLANG_WARN_OBJC_ROOT_CLASS = YES_ERROR;
				CLANG_WARN_SUSPICIOUS_MOVE = YES;
				CLANG_WARN_UNREACHABLE_CODE = YES;
				CLANG_WARN__DUPLICATE_METHOD_MATCH = YES;
				CODE_SIGN_IDENTITY = "-";
				COPY_PHASE_STRIP = NO;
				DEBUG_INFORMATION_FORMAT = dwarf;
				ENABLE_STRICT_OBJC_MSGSEND = YES;
				ENABLE_TESTABILITY = YES;
				GCC_C_LANGUAGE_STANDARD = gnu99;
				GCC_DYNAMIC_NO_PIC = NO;
				GCC_NO_COMMON_BLOCKS = YES;
				GCC_OPTIMIZATION_LEVEL = 0;
				GCC_PREPROCESSOR_DEFINITIONS = (
					"DEBUG=1",
					"$(inherited)",
				);
				GCC_WARN_64_TO_32_BIT_CONVERSION = YES;
				GCC_WARN_ABOUT_RETURN_TYPE = YES_ERROR;
				GCC_WARN_UNDECLARED_SELECTOR = YES;
				GCC_WARN_UNINITIALIZED_AUTOS = YES_AGGRESSIVE;
				GCC_WARN_UNUSED_FUNCTION = YES;
				GCC_WARN_UNUSED_VARIABLE = YES;
				MACOSX_DEPLOYMENT_TARGET = 10.11;
				MTL_ENABLE_DEBUG_INFO = YES;
				ONLY_ACTIVE_ARCH = YES;
				SDKROOT = macosx;
				SWIFT_ACTIVE_COMPILATION_CONDITIONS = DEBUG;
				SWIFT_OPTIMIZATION_LEVEL = "-Onone";
			};
			name = Debug;
		};
		A3D7F0261F319EB6005B0FC2 /* Release */ = {
			isa = XCBuildConfiguration;
			buildSettings = {
				ALWAYS_SEARCH_USER_PATHS = NO;
				CLANG_ANALYZER_NONNULL = YES;
				CLANG_CXX_LANGUAGE_STANDARD = "gnu++0x";
				CLANG_CXX_LIBRARY = "libc++";
				CLANG_ENABLE_MODULES = YES;
				CLANG_ENABLE_OBJC_ARC = YES;
				CLANG_WARN_BOOL_CONVERSION = YES;
				CLANG_WARN_CONSTANT_CONVERSION = YES;
				CLANG_WARN_DIRECT_OBJC_ISA_USAGE = YES_ERROR;
				CLANG_WARN_DOCUMENTATION_COMMENTS = YES;
				CLANG_WARN_EMPTY_BODY = YES;
				CLANG_WARN_ENUM_CONVERSION = YES;
				CLANG_WARN_INFINITE_RECURSION = YES;
				CLANG_WARN_INT_CONVERSION = YES;
				CLANG_WARN_OBJC_ROOT_CLASS = YES_ERROR;
				CLANG_WARN_SUSPICIOUS_MOVE = YES;
				CLANG_WARN_UNREACHABLE_CODE = YES;
				CLANG_WARN__DUPLICATE_METHOD_MATCH = YES;
				CODE_SIGN_IDENTITY = "-";
				COPY_PHASE_STRIP = NO;
				DEBUG_INFORMATION_FORMAT = "dwarf-with-dsym";
				ENABLE_NS_ASSERTIONS = NO;
				ENABLE_STRICT_OBJC_MSGSEND = YES;
				GCC_C_LANGUAGE_STANDARD = gnu99;
				GCC_NO_COMMON_BLOCKS = YES;
				GCC_WARN_64_TO_32_BIT_CONVERSION = YES;
				GCC_WARN_ABOUT_RETURN_TYPE = YES_ERROR;
				GCC_WARN_UNDECLARED_SELECTOR = YES;
				GCC_WARN_UNINITIALIZED_AUTOS = YES_AGGRESSIVE;
				GCC_WARN_UNUSED_FUNCTION = YES;
				GCC_WARN_UNUSED_VARIABLE = YES;
				MACOSX_DEPLOYMENT_TARGET = 10.11;
				MTL_ENABLE_DEBUG_INFO = NO;
				SDKROOT = macosx;
				SWIFT_OPTIMIZATION_LEVEL = "-Owholemodule";
			};
			name = Release;
		};
		A3D7F0281F319EB6005B0FC2 /* Debug */ = {
			isa = XCBuildConfiguration;
			buildSettings = {
				ASSETCATALOG_COMPILER_APPICON_NAME = AppIcon;
				COMBINE_HIDPI_IMAGES = YES;
				INFOPLIST_FILE = Server/Info.plist;
				LD_RUNPATH_SEARCH_PATHS = "$(inherited) @executable_path/../Frameworks";
				PRODUCT_BUNDLE_IDENTIFIER = MrHuang.Server;
				PRODUCT_NAME = "$(TARGET_NAME)";
				SWIFT_VERSION = 3.0;
			};
			name = Debug;
		};
		A3D7F0291F319EB6005B0FC2 /* Release */ = {
			isa = XCBuildConfiguration;
			buildSettings = {
				ASSETCATALOG_COMPILER_APPICON_NAME = AppIcon;
				COMBINE_HIDPI_IMAGES = YES;
				INFOPLIST_FILE = Server/Info.plist;
				LD_RUNPATH_SEARCH_PATHS = "$(inherited) @executable_path/../Frameworks";
				PRODUCT_BUNDLE_IDENTIFIER = MrHuang.Server;
				PRODUCT_NAME = "$(TARGET_NAME)";
				SWIFT_VERSION = 3.0;
			};
			name = Release;
		};
		A3D7F02B1F319EB6005B0FC2 /* Debug */ = {
			isa = XCBuildConfiguration;
			buildSettings = {
				ALWAYS_EMBED_SWIFT_STANDARD_LIBRARIES = YES;
				BUNDLE_LOADER = "$(TEST_HOST)";
				COMBINE_HIDPI_IMAGES = YES;
				INFOPLIST_FILE = ServerTests/Info.plist;
				LD_RUNPATH_SEARCH_PATHS = "$(inherited) @executable_path/../Frameworks @loader_path/../Frameworks";
				PRODUCT_BUNDLE_IDENTIFIER = MrHuang.ServerTests;
				PRODUCT_NAME = "$(TARGET_NAME)";
				SWIFT_VERSION = 3.0;
				TEST_HOST = "$(BUILT_PRODUCTS_DIR)/Server.app/Contents/MacOS/Server";
			};
			name = Debug;
		};
		A3D7F02C1F319EB6005B0FC2 /* Release */ = {
			isa = XCBuildConfiguration;
			buildSettings = {
				ALWAYS_EMBED_SWIFT_STANDARD_LIBRARIES = YES;
				BUNDLE_LOADER = "$(TEST_HOST)";
				COMBINE_HIDPI_IMAGES = YES;
				INFOPLIST_FILE = ServerTests/Info.plist;
				LD_RUNPATH_SEARCH_PATHS = "$(inherited) @executable_path/../Frameworks @loader_path/../Frameworks";
				PRODUCT_BUNDLE_IDENTIFIER = MrHuang.ServerTests;
				PRODUCT_NAME = "$(TARGET_NAME)";
				SWIFT_VERSION = 3.0;
				TEST_HOST = "$(BUILT_PRODUCTS_DIR)/Server.app/Contents/MacOS/Server";
			};
			name = Release;
		};
		A3D7F02E1F319EB6005B0FC2 /* Debug */ = {
			isa = XCBuildConfiguration;
			buildSettings = {
				ALWAYS_EMBED_SWIFT_STANDARD_LIBRARIES = YES;
				COMBINE_HIDPI_IMAGES = YES;
				INFOPLIST_FILE = ServerUITests/Info.plist;
				LD_RUNPATH_SEARCH_PATHS = "$(inherited) @executable_path/../Frameworks @loader_path/../Frameworks";
				PRODUCT_BUNDLE_IDENTIFIER = MrHuang.ServerUITests;
				PRODUCT_NAME = "$(TARGET_NAME)";
				SWIFT_VERSION = 3.0;
				TEST_TARGET_NAME = Server;
			};
			name = Debug;
		};
		A3D7F02F1F319EB6005B0FC2 /* Release */ = {
			isa = XCBuildConfiguration;
			buildSettings = {
				ALWAYS_EMBED_SWIFT_STANDARD_LIBRARIES = YES;
				COMBINE_HIDPI_IMAGES = YES;
				INFOPLIST_FILE = ServerUITests/Info.plist;
				LD_RUNPATH_SEARCH_PATHS = "$(inherited) @executable_path/../Frameworks @loader_path/../Frameworks";
				PRODUCT_BUNDLE_IDENTIFIER = MrHuang.ServerUITests;
				PRODUCT_NAME = "$(TARGET_NAME)";
				SWIFT_VERSION = 3.0;
				TEST_TARGET_NAME = Server;
			};
			name = Release;
		};
/* End XCBuildConfiguration section */

/* Begin XCConfigurationList section */
		A3D7EFFD1F319EB6005B0FC2 /* Build configuration list for PBXProject "Server" */ = {
			isa = XCConfigurationList;
			buildConfigurations = (
				A3D7F0251F319EB6005B0FC2 /* Debug */,
				A3D7F0261F319EB6005B0FC2 /* Release */,
			);
			defaultConfigurationIsVisible = 0;
			defaultConfigurationName = Release;
		};
		A3D7F0271F319EB6005B0FC2 /* Build configuration list for PBXNativeTarget "Server" */ = {
			isa = XCConfigurationList;
			buildConfigurations = (
				A3D7F0281F319EB6005B0FC2 /* Debug */,
				A3D7F0291F319EB6005B0FC2 /* Release */,
			);
			defaultConfigurationIsVisible = 0;
			defaultConfigurationName = Release;
		};
		A3D7F02A1F319EB6005B0FC2 /* Build configuration list for PBXNativeTarget "ServerTests" */ = {
			isa = XCConfigurationList;
			buildConfigurations = (
				A3D7F02B1F319EB6005B0FC2 /* Debug */,
				A3D7F02C1F319EB6005B0FC2 /* Release */,
			);
			defaultConfigurationIsVisible = 0;
			defaultConfigurationName = Release;
		};
		A3D7F02D1F319EB6005B0FC2 /* Build configuration list for PBXNativeTarget "ServerUITests" */ = {
			isa = XCConfigurationList;
			buildConfigurations = (
				A3D7F02E1F319EB6005B0FC2 /* Debug */,
				A3D7F02F1F319EB6005B0FC2 /* Release */,
			);
			defaultConfigurationIsVisible = 0;
			defaultConfigurationName = Release;
		};
/* End XCConfigurationList section */
	};
	rootObject = A3D7EFFA1F319EB6005B0FC2 /* Project object */;
}
